// !$*UTF8*$!
{
	archiveVersion = 1;
	classes = {
	};
	objectVersion = 50;
	objects = {

/* Begin PBXBuildFile section */
		47064892256D27F800B39292 /* AppDelegate.swift in Sources */ = {isa = PBXBuildFile; fileRef = 47064891256D27F800B39292 /* AppDelegate.swift */; };
		47064894256D27F800B39292 /* SceneDelegate.swift in Sources */ = {isa = PBXBuildFile; fileRef = 47064893256D27F800B39292 /* SceneDelegate.swift */; };
		47064896256D27F800B39292 /* AppleSearchResultVC.swift in Sources */ = {isa = PBXBuildFile; fileRef = 47064895256D27F800B39292 /* AppleSearchResultVC.swift */; };
		4706489B256D27FA00B39292 /* Assets.xcassets in Resources */ = {isa = PBXBuildFile; fileRef = 4706489A256D27FA00B39292 /* Assets.xcassets */; };
		4706489E256D27FA00B39292 /* LaunchScreen.storyboard in Resources */ = {isa = PBXBuildFile; fileRef = 4706489C256D27FA00B39292 /* LaunchScreen.storyboard */; };
		470648B6256D29C500B39292 /* AppleSearchResultViewModel.swift in Sources */ = {isa = PBXBuildFile; fileRef = 470648B5256D29C500B39292 /* AppleSearchResultViewModel.swift */; };
		470648E6256E6B2C00B39292 /* APIRequest.swift in Sources */ = {isa = PBXBuildFile; fileRef = 470648E5256E6B2C00B39292 /* APIRequest.swift */; };
		470648E9256E6CEA00B39292 /* Results.swift in Sources */ = {isa = PBXBuildFile; fileRef = 470648E7256E6CEA00B39292 /* Results.swift */; };
		470648EA256E6CEA00B39292 /* Json4Swift_Base.swift in Sources */ = {isa = PBXBuildFile; fileRef = 470648E8256E6CEA00B39292 /* Json4Swift_Base.swift */; };
		470648F02574C21000B39292 /* DetailScreenViewModel.swift in Sources */ = {isa = PBXBuildFile; fileRef = 470648EF2574C21000B39292 /* DetailScreenViewModel.swift */; };
		470648F42577764300B39292 /* HttpClient.swift in Sources */ = {isa = PBXBuildFile; fileRef = 470648F32577764300B39292 /* HttpClient.swift */; };
		470648F625777F0C00B39292 /* MockURLSession.swift in Sources */ = {isa = PBXBuildFile; fileRef = 470648F525777F0C00B39292 /* MockURLSession.swift */; };
		470648F825777F5D00B39292 /* HttpClientTests.swift in Sources */ = {isa = PBXBuildFile; fileRef = 470648F725777F5D00B39292 /* HttpClientTests.swift */; };
		470648F925778E8D00B39292 /* HttpClient.swift in Sources */ = {isa = PBXBuildFile; fileRef = 470648F32577764300B39292 /* HttpClient.swift */; };
		470648FF2577A32600B39292 /* Story.json in Resources */ = {isa = PBXBuildFile; fileRef = 470648FE2577A32600B39292 /* Story.json */; };
		470649022577A60200B39292 /* TestData.swift in Sources */ = {isa = PBXBuildFile; fileRef = 470649002577A5E000B39292 /* TestData.swift */; };
		4706490C2577E6C500B39292 /* AppleSearchResultViewModelTest.swift in Sources */ = {isa = PBXBuildFile; fileRef = 4706490B2577E6C500B39292 /* AppleSearchResultViewModelTest.swift */; };
		470649112577EDE700B39292 /* Json4Swift_Base.swift in Sources */ = {isa = PBXBuildFile; fileRef = 470648E8256E6CEA00B39292 /* Json4Swift_Base.swift */; };
		470649122577EDF000B39292 /* AppleSearchResultViewModel.swift in Sources */ = {isa = PBXBuildFile; fileRef = 470648B5256D29C500B39292 /* AppleSearchResultViewModel.swift */; };
		470649132577EE0F00B39292 /* Results.swift in Sources */ = {isa = PBXBuildFile; fileRef = 470648E7256E6CEA00B39292 /* Results.swift */; };
		470649142577EE2E00B39292 /* APIRequest.swift in Sources */ = {isa = PBXBuildFile; fileRef = 470648E5256E6B2C00B39292 /* APIRequest.swift */; };
		470649152577F01800B39292 /* TestData.swift in Sources */ = {isa = PBXBuildFile; fileRef = 470649002577A5E000B39292 /* TestData.swift */; };
		470649162577F07F00B39292 /* Story.json in Resources */ = {isa = PBXBuildFile; fileRef = 470648FE2577A32600B39292 /* Story.json */; };
		470649182578D2E500B39292 /* ImageDownloader.swift in Sources */ = {isa = PBXBuildFile; fileRef = 470649172578D2E500B39292 /* ImageDownloader.swift */; };
		4706491C2578D83000B39292 /* PlayerViewController.swift in Sources */ = {isa = PBXBuildFile; fileRef = 4706491B2578D83000B39292 /* PlayerViewController.swift */; };
		4706491D257A077400B39292 /* ImageDownloader.swift in Sources */ = {isa = PBXBuildFile; fileRef = 470649172578D2E500B39292 /* ImageDownloader.swift */; };
		4706491F257A0BC200B39292 /* DetailScreenViewModelTest.swift in Sources */ = {isa = PBXBuildFile; fileRef = 4706491E257A0BC200B39292 /* DetailScreenViewModelTest.swift */; };
		47064921257A0F7500B39292 /* DetailScreenViewModel.swift in Sources */ = {isa = PBXBuildFile; fileRef = 470648EF2574C21000B39292 /* DetailScreenViewModel.swift */; };
		4706492A257B951C00B39292 /* AMPlayerTest.swift in Sources */ = {isa = PBXBuildFile; fileRef = 47064929257B951C00B39292 /* AMPlayerTest.swift */; };
		4706492D257B9AC800B39292 /* sound.mp3 in Resources */ = {isa = PBXBuildFile; fileRef = 4706492C257B9AC800B39292 /* sound.mp3 */; };
		4706492E257B9AD800B39292 /* sound.mp3 in Resources */ = {isa = PBXBuildFile; fileRef = 4706492C257B9AC800B39292 /* sound.mp3 */; };
		47064930257B9FBC00B39292 /* PlayerViewControllerTest.swift in Sources */ = {isa = PBXBuildFile; fileRef = 4706492F257B9FBC00B39292 /* PlayerViewControllerTest.swift */; };
		47064931257BA63000B39292 /* PlayerViewController.swift in Sources */ = {isa = PBXBuildFile; fileRef = 4706491B2578D83000B39292 /* PlayerViewController.swift */; };
		47064933257D196D00B39292 /* AppleSearchResultVCTest.swift in Sources */ = {isa = PBXBuildFile; fileRef = 47064932257D196D00B39292 /* AppleSearchResultVCTest.swift */; };
		47064934257D199300B39292 /* AppleSearchResultVC.swift in Sources */ = {isa = PBXBuildFile; fileRef = 47064895256D27F800B39292 /* AppleSearchResultVC.swift */; };
/* End PBXBuildFile section */

/* Begin PBXContainerItemProxy section */
		470648A5256D27FA00B39292 /* PBXContainerItemProxy */ = {
			isa = PBXContainerItemProxy;
			containerPortal = 47064886256D27F800B39292 /* Project object */;
			proxyType = 1;
			remoteGlobalIDString = 4706488D256D27F800B39292;
			remoteInfo = AppleSearchAPIDemo;
		};
/* End PBXContainerItemProxy section */

/* Begin PBXFileReference section */
		4706488E256D27F800B39292 /* AppleSearchAPIDemo.app */ = {isa = PBXFileReference; explicitFileType = wrapper.application; includeInIndex = 0; path = AppleSearchAPIDemo.app; sourceTree = BUILT_PRODUCTS_DIR; };
		47064891256D27F800B39292 /* AppDelegate.swift */ = {isa = PBXFileReference; lastKnownFileType = sourcecode.swift; path = AppDelegate.swift; sourceTree = "<group>"; };
		47064893256D27F800B39292 /* SceneDelegate.swift */ = {isa = PBXFileReference; lastKnownFileType = sourcecode.swift; path = SceneDelegate.swift; sourceTree = "<group>"; };
		47064895256D27F800B39292 /* AppleSearchResultVC.swift */ = {isa = PBXFileReference; lastKnownFileType = sourcecode.swift; path = AppleSearchResultVC.swift; sourceTree = "<group>"; };
		4706489A256D27FA00B39292 /* Assets.xcassets */ = {isa = PBXFileReference; lastKnownFileType = folder.assetcatalog; path = Assets.xcassets; sourceTree = "<group>"; };
		4706489D256D27FA00B39292 /* Base */ = {isa = PBXFileReference; lastKnownFileType = file.storyboard; name = Base; path = Base.lproj/LaunchScreen.storyboard; sourceTree = "<group>"; };
		4706489F256D27FA00B39292 /* Info.plist */ = {isa = PBXFileReference; lastKnownFileType = text.plist.xml; path = Info.plist; sourceTree = "<group>"; };
		470648A4256D27FA00B39292 /* AppleSearchAPIDemoTests.xctest */ = {isa = PBXFileReference; explicitFileType = wrapper.cfbundle; includeInIndex = 0; path = AppleSearchAPIDemoTests.xctest; sourceTree = BUILT_PRODUCTS_DIR; };
		470648AA256D27FA00B39292 /* Info.plist */ = {isa = PBXFileReference; lastKnownFileType = text.plist.xml; path = Info.plist; sourceTree = "<group>"; };
		470648B5256D29C500B39292 /* AppleSearchResultViewModel.swift */ = {isa = PBXFileReference; lastKnownFileType = sourcecode.swift; path = AppleSearchResultViewModel.swift; sourceTree = "<group>"; };
		470648E5256E6B2C00B39292 /* APIRequest.swift */ = {isa = PBXFileReference; fileEncoding = 4; lastKnownFileType = sourcecode.swift; path = APIRequest.swift; sourceTree = "<group>"; };
		470648E7256E6CEA00B39292 /* Results.swift */ = {isa = PBXFileReference; fileEncoding = 4; lastKnownFileType = sourcecode.swift; path = Results.swift; sourceTree = "<group>"; };
		470648E8256E6CEA00B39292 /* Json4Swift_Base.swift */ = {isa = PBXFileReference; fileEncoding = 4; lastKnownFileType = sourcecode.swift; path = Json4Swift_Base.swift; sourceTree = "<group>"; };
		470648EF2574C21000B39292 /* DetailScreenViewModel.swift */ = {isa = PBXFileReference; lastKnownFileType = sourcecode.swift; path = DetailScreenViewModel.swift; sourceTree = "<group>"; };
		470648F32577764300B39292 /* HttpClient.swift */ = {isa = PBXFileReference; lastKnownFileType = sourcecode.swift; path = HttpClient.swift; sourceTree = "<group>"; };
		470648F525777F0C00B39292 /* MockURLSession.swift */ = {isa = PBXFileReference; lastKnownFileType = sourcecode.swift; path = MockURLSession.swift; sourceTree = "<group>"; };
		470648F725777F5D00B39292 /* HttpClientTests.swift */ = {isa = PBXFileReference; lastKnownFileType = sourcecode.swift; path = HttpClientTests.swift; sourceTree = "<group>"; };
		470648FE2577A32600B39292 /* Story.json */ = {isa = PBXFileReference; fileEncoding = 4; lastKnownFileType = text.json; path = Story.json; sourceTree = "<group>"; };
		470649002577A5E000B39292 /* TestData.swift */ = {isa = PBXFileReference; lastKnownFileType = sourcecode.swift; path = TestData.swift; sourceTree = "<group>"; };
		4706490B2577E6C500B39292 /* AppleSearchResultViewModelTest.swift */ = {isa = PBXFileReference; lastKnownFileType = sourcecode.swift; path = AppleSearchResultViewModelTest.swift; sourceTree = "<group>"; };
		470649172578D2E500B39292 /* ImageDownloader.swift */ = {isa = PBXFileReference; fileEncoding = 4; lastKnownFileType = sourcecode.swift; path = ImageDownloader.swift; sourceTree = "<group>"; };
		4706491B2578D83000B39292 /* PlayerViewController.swift */ = {isa = PBXFileReference; lastKnownFileType = sourcecode.swift; path = PlayerViewController.swift; sourceTree = "<group>"; };
		4706491E257A0BC200B39292 /* DetailScreenViewModelTest.swift */ = {isa = PBXFileReference; lastKnownFileType = sourcecode.swift; path = DetailScreenViewModelTest.swift; sourceTree = "<group>"; };
		47064929257B951C00B39292 /* AMPlayerTest.swift */ = {isa = PBXFileReference; lastKnownFileType = sourcecode.swift; path = AMPlayerTest.swift; sourceTree = "<group>"; };
		4706492C257B9AC800B39292 /* sound.mp3 */ = {isa = PBXFileReference; lastKnownFileType = audio.mp3; path = sound.mp3; sourceTree = "<group>"; };
		4706492F257B9FBC00B39292 /* PlayerViewControllerTest.swift */ = {isa = PBXFileReference; lastKnownFileType = sourcecode.swift; path = PlayerViewControllerTest.swift; sourceTree = "<group>"; };
		47064932257D196D00B39292 /* AppleSearchResultVCTest.swift */ = {isa = PBXFileReference; lastKnownFileType = sourcecode.swift; path = AppleSearchResultVCTest.swift; sourceTree = "<group>"; };
/* End PBXFileReference section */

/* Begin PBXFrameworksBuildPhase section */
		4706488B256D27F800B39292 /* Frameworks */ = {
			isa = PBXFrameworksBuildPhase;
			buildActionMask = 2147483647;
			files = (
			);
			runOnlyForDeploymentPostprocessing = 0;
		};
		470648A1256D27FA00B39292 /* Frameworks */ = {
			isa = PBXFrameworksBuildPhase;
			buildActionMask = 2147483647;
			files = (
			);
			runOnlyForDeploymentPostprocessing = 0;
		};
/* End PBXFrameworksBuildPhase section */

/* Begin PBXGroup section */
		47064885256D27F800B39292 = {
			isa = PBXGroup;
			children = (
				47064890256D27F800B39292 /* AppleSearchAPIDemo */,
				470648A7256D27FA00B39292 /* AppleSearchAPIDemoTests */,
				4706488F256D27F800B39292 /* Products */,
			);
			sourceTree = "<group>";
		};
		4706488F256D27F800B39292 /* Products */ = {
			isa = PBXGroup;
			children = (
				4706488E256D27F800B39292 /* AppleSearchAPIDemo.app */,
				470648A4256D27FA00B39292 /* AppleSearchAPIDemoTests.xctest */,
			);
			name = Products;
			sourceTree = "<group>";
		};
		47064890256D27F800B39292 /* AppleSearchAPIDemo */ = {
			isa = PBXGroup;
			children = (
				47064891256D27F800B39292 /* AppDelegate.swift */,
				47064893256D27F800B39292 /* SceneDelegate.swift */,
				470648EE2574C1BC00B39292 /* Network */,
				470648EC2574C19700B39292 /* Model */,
				470648ED2574C1A300B39292 /* View */,
				470648EB2574C18900B39292 /* ViewModel */,
				4706489A256D27FA00B39292 /* Assets.xcassets */,
				4706489C256D27FA00B39292 /* LaunchScreen.storyboard */,
				4706489F256D27FA00B39292 /* Info.plist */,
			);
			path = AppleSearchAPIDemo;
			sourceTree = "<group>";
		};
		470648A7256D27FA00B39292 /* AppleSearchAPIDemoTests */ = {
			isa = PBXGroup;
			children = (
				47064928257AB12C00B39292 /* Mocking */,
				470648F725777F5D00B39292 /* HttpClientTests.swift */,
				4706490B2577E6C500B39292 /* AppleSearchResultViewModelTest.swift */,
				4706491E257A0BC200B39292 /* DetailScreenViewModelTest.swift */,
				47064932257D196D00B39292 /* AppleSearchResultVCTest.swift */,
				4706492F257B9FBC00B39292 /* PlayerViewControllerTest.swift */,
				47064929257B951C00B39292 /* AMPlayerTest.swift */,
				470648AA256D27FA00B39292 /* Info.plist */,
			);
			path = AppleSearchAPIDemoTests;
			sourceTree = "<group>";
		};
		470648EB2574C18900B39292 /* ViewModel */ = {
			isa = PBXGroup;
			children = (
				470648B5256D29C500B39292 /* AppleSearchResultViewModel.swift */,
				470648EF2574C21000B39292 /* DetailScreenViewModel.swift */,
			);
			path = ViewModel;
			sourceTree = "<group>";
		};
		470648EC2574C19700B39292 /* Model */ = {
			isa = PBXGroup;
			children = (
				470648E8256E6CEA00B39292 /* Json4Swift_Base.swift */,
				470648E7256E6CEA00B39292 /* Results.swift */,
			);
			path = Model;
			sourceTree = "<group>";
		};
		470648ED2574C1A300B39292 /* View */ = {
			isa = PBXGroup;
			children = (
				47064895256D27F800B39292 /* AppleSearchResultVC.swift */,
				4706491B2578D83000B39292 /* PlayerViewController.swift */,
			);
			path = View;
			sourceTree = "<group>";
		};
		470648EE2574C1BC00B39292 /* Network */ = {
			isa = PBXGroup;
			children = (
				470649172578D2E500B39292 /* ImageDownloader.swift */,
				470648E5256E6B2C00B39292 /* APIRequest.swift */,
				470648F32577764300B39292 /* HttpClient.swift */,
			);
			path = Network;
			sourceTree = "<group>";
		};
		47064928257AB12C00B39292 /* Mocking */ = {
			isa = PBXGroup;
			children = (
				470648F525777F0C00B39292 /* MockURLSession.swift */,
				470649002577A5E000B39292 /* TestData.swift */,
				4706492C257B9AC800B39292 /* sound.mp3 */,
				470648FE2577A32600B39292 /* Story.json */,
			);
			path = Mocking;
			sourceTree = "<group>";
		};
/* End PBXGroup section */

/* Begin PBXNativeTarget section */
		4706488D256D27F800B39292 /* AppleSearchAPIDemo */ = {
			isa = PBXNativeTarget;
			buildConfigurationList = 470648AD256D27FA00B39292 /* Build configuration list for PBXNativeTarget "AppleSearchAPIDemo" */;
			buildPhases = (
				4706488A256D27F800B39292 /* Sources */,
				4706488B256D27F800B39292 /* Frameworks */,
				4706488C256D27F800B39292 /* Resources */,
			);
			buildRules = (
			);
			dependencies = (
			);
			name = AppleSearchAPIDemo;
			productName = AppleSearchAPIDemo;
			productReference = 4706488E256D27F800B39292 /* AppleSearchAPIDemo.app */;
			productType = "com.apple.product-type.application";
		};
		470648A3256D27FA00B39292 /* AppleSearchAPIDemoTests */ = {
			isa = PBXNativeTarget;
			buildConfigurationList = 470648B0256D27FA00B39292 /* Build configuration list for PBXNativeTarget "AppleSearchAPIDemoTests" */;
			buildPhases = (
				470648A0256D27FA00B39292 /* Sources */,
				470648A1256D27FA00B39292 /* Frameworks */,
				470648A2256D27FA00B39292 /* Resources */,
			);
			buildRules = (
			);
			dependencies = (
				470648A6256D27FA00B39292 /* PBXTargetDependency */,
			);
			name = AppleSearchAPIDemoTests;
			productName = AppleSearchAPIDemoTests;
			productReference = 470648A4256D27FA00B39292 /* AppleSearchAPIDemoTests.xctest */;
			productType = "com.apple.product-type.bundle.unit-test";
		};
/* End PBXNativeTarget section */

/* Begin PBXProject section */
		47064886256D27F800B39292 /* Project object */ = {
			isa = PBXProject;
			attributes = {
				LastSwiftUpdateCheck = 1130;
				LastUpgradeCheck = 1130;
				ORGANIZATIONNAME = BRRV;
				TargetAttributes = {
					4706488D256D27F800B39292 = {
						CreatedOnToolsVersion = 11.3.1;
					};
					470648A3256D27FA00B39292 = {
						CreatedOnToolsVersion = 11.3.1;
						TestTargetID = 4706488D256D27F800B39292;
					};
				};
			};
			buildConfigurationList = 47064889256D27F800B39292 /* Build configuration list for PBXProject "AppleSearchAPIDemo" */;
			compatibilityVersion = "Xcode 9.3";
			developmentRegion = en;
			hasScannedForEncodings = 0;
			knownRegions = (
				en,
				Base,
			);
			mainGroup = 47064885256D27F800B39292;
			productRefGroup = 4706488F256D27F800B39292 /* Products */;
			projectDirPath = "";
			projectRoot = "";
			targets = (
				4706488D256D27F800B39292 /* AppleSearchAPIDemo */,
				470648A3256D27FA00B39292 /* AppleSearchAPIDemoTests */,
			);
		};
/* End PBXProject section */

/* Begin PBXResourcesBuildPhase section */
		4706488C256D27F800B39292 /* Resources */ = {
			isa = PBXResourcesBuildPhase;
			buildActionMask = 2147483647;
			files = (
				470649162577F07F00B39292 /* Story.json in Resources */,
				4706489E256D27FA00B39292 /* LaunchScreen.storyboard in Resources */,
				4706489B256D27FA00B39292 /* Assets.xcassets in Resources */,
				4706492D257B9AC800B39292 /* sound.mp3 in Resources */,
			);
			runOnlyForDeploymentPostprocessing = 0;
		};
		470648A2256D27FA00B39292 /* Resources */ = {
			isa = PBXResourcesBuildPhase;
			buildActionMask = 2147483647;
			files = (
				4706492E257B9AD800B39292 /* sound.mp3 in Resources */,
				470648FF2577A32600B39292 /* Story.json in Resources */,
			);
			runOnlyForDeploymentPostprocessing = 0;
		};
/* End PBXResourcesBuildPhase section */

/* Begin PBXSourcesBuildPhase section */
		4706488A256D27F800B39292 /* Sources */ = {
			isa = PBXSourcesBuildPhase;
			buildActionMask = 2147483647;
			files = (
				47064896256D27F800B39292 /* AppleSearchResultVC.swift in Sources */,
				470649022577A60200B39292 /* TestData.swift in Sources */,
				470648B6256D29C500B39292 /* AppleSearchResultViewModel.swift in Sources */,
				470648E9256E6CEA00B39292 /* Results.swift in Sources */,
				47064892256D27F800B39292 /* AppDelegate.swift in Sources */,
				470648EA256E6CEA00B39292 /* Json4Swift_Base.swift in Sources */,
				470648F42577764300B39292 /* HttpClient.swift in Sources */,
				470648E6256E6B2C00B39292 /* APIRequest.swift in Sources */,
				47064894256D27F800B39292 /* SceneDelegate.swift in Sources */,
				470649182578D2E500B39292 /* ImageDownloader.swift in Sources */,
				4706491C2578D83000B39292 /* PlayerViewController.swift in Sources */,
				470648F02574C21000B39292 /* DetailScreenViewModel.swift in Sources */,
			);
			runOnlyForDeploymentPostprocessing = 0;
		};
		470648A0256D27FA00B39292 /* Sources */ = {
			isa = PBXSourcesBuildPhase;
			buildActionMask = 2147483647;
			files = (
				470648F625777F0C00B39292 /* MockURLSession.swift in Sources */,
				470648F825777F5D00B39292 /* HttpClientTests.swift in Sources */,
				47064921257A0F7500B39292 /* DetailScreenViewModel.swift in Sources */,
				470649132577EE0F00B39292 /* Results.swift in Sources */,
				4706492A257B951C00B39292 /* AMPlayerTest.swift in Sources */,
				470649152577F01800B39292 /* TestData.swift in Sources */,
				470648F925778E8D00B39292 /* HttpClient.swift in Sources */,
				4706491F257A0BC200B39292 /* DetailScreenViewModelTest.swift in Sources */,
				47064933257D196D00B39292 /* AppleSearchResultVCTest.swift in Sources */,
				4706490C2577E6C500B39292 /* AppleSearchResultViewModelTest.swift in Sources */,
				4706491D257A077400B39292 /* ImageDownloader.swift in Sources */,
				47064934257D199300B39292 /* AppleSearchResultVC.swift in Sources */,
				470649122577EDF000B39292 /* AppleSearchResultViewModel.swift in Sources */,
				47064930257B9FBC00B39292 /* PlayerViewControllerTest.swift in Sources */,
				470649142577EE2E00B39292 /* APIRequest.swift in Sources */,
				470649112577EDE700B39292 /* Json4Swift_Base.swift in Sources */,
				47064931257BA63000B39292 /* PlayerViewController.swift in Sources */,
			);
			runOnlyForDeploymentPostprocessing = 0;
		};
/* End PBXSourcesBuildPhase section */

/* Begin PBXTargetDependency section */
		470648A6256D27FA00B39292 /* PBXTargetDependency */ = {
			isa = PBXTargetDependency;
			target = 4706488D256D27F800B39292 /* AppleSearchAPIDemo */;
			targetProxy = 470648A5256D27FA00B39292 /* PBXContainerItemProxy */;
		};
/* End PBXTargetDependency section */

/* Begin PBXVariantGroup section */
		4706489C256D27FA00B39292 /* LaunchScreen.storyboard */ = {
			isa = PBXVariantGroup;
			children = (
				4706489D256D27FA00B39292 /* Base */,
			);
			name = LaunchScreen.storyboard;
			sourceTree = "<group>";
		};
/* End PBXVariantGroup section */

/* Begin XCBuildConfiguration section */
		470648AB256D27FA00B39292 /* Debug */ = {
			isa = XCBuildConfiguration;
			buildSettings = {
				ALWAYS_SEARCH_USER_PATHS = NO;
				CLANG_ANALYZER_NONNULL = YES;
				CLANG_ANALYZER_NUMBER_OBJECT_CONVERSION = YES_AGGRESSIVE;
				CLANG_CXX_LANGUAGE_STANDARD = "gnu++14";
				CLANG_CXX_LIBRARY = "libc++";
				CLANG_ENABLE_MODULES = YES;
				CLANG_ENABLE_OBJC_ARC = YES;
				CLANG_ENABLE_OBJC_WEAK = YES;
				CLANG_WARN_BLOCK_CAPTURE_AUTORELEASING = YES;
				CLANG_WARN_BOOL_CONVERSION = YES;
				CLANG_WARN_COMMA = YES;
				CLANG_WARN_CONSTANT_CONVERSION = YES;
				CLANG_WARN_DEPRECATED_OBJC_IMPLEMENTATIONS = YES;
				CLANG_WARN_DIRECT_OBJC_ISA_USAGE = YES_ERROR;
				CLANG_WARN_DOCUMENTATION_COMMENTS = YES;
				CLANG_WARN_EMPTY_BODY = YES;
				CLANG_WARN_ENUM_CONVERSION = YES;
				CLANG_WARN_INFINITE_RECURSION = YES;
				CLANG_WARN_INT_CONVERSION = YES;
				CLANG_WARN_NON_LITERAL_NULL_CONVERSION = YES;
				CLANG_WARN_OBJC_IMPLICIT_RETAIN_SELF = YES;
				CLANG_WARN_OBJC_LITERAL_CONVERSION = YES;
				CLANG_WARN_OBJC_ROOT_CLASS = YES_ERROR;
				CLANG_WARN_RANGE_LOOP_ANALYSIS = YES;
				CLANG_WARN_STRICT_PROTOTYPES = YES;
				CLANG_WARN_SUSPICIOUS_MOVE = YES;
				CLANG_WARN_UNGUARDED_AVAILABILITY = YES_AGGRESSIVE;
				CLANG_WARN_UNREACHABLE_CODE = YES;
				CLANG_WARN__DUPLICATE_METHOD_MATCH = YES;
				COPY_PHASE_STRIP = NO;
				DEBUG_INFORMATION_FORMAT = dwarf;
				ENABLE_STRICT_OBJC_MSGSEND = YES;
				ENABLE_TESTABILITY = YES;
				GCC_C_LANGUAGE_STANDARD = gnu11;
				GCC_DYNAMIC_NO_PIC = NO;
				GCC_NO_COMMON_BLOCKS = YES;
				GCC_OPTIMIZATION_LEVEL = 0;
				GCC_PREPROCESSOR_DEFINITIONS = (
					"DEBUG=1",
					"$(inherited)",
				);
				GCC_WARN_64_TO_32_BIT_CONVERSION = YES;
				GCC_WARN_ABOUT_RETURN_TYPE = YES_ERROR;
				GCC_WARN_UNDECLARED_SELECTOR = YES;
				GCC_WARN_UNINITIALIZED_AUTOS = YES_AGGRESSIVE;
				GCC_WARN_UNUSED_FUNCTION = YES;
				GCC_WARN_UNUSED_VARIABLE = YES;
				IPHONEOS_DEPLOYMENT_TARGET = 13.2;
				MTL_ENABLE_DEBUG_INFO = INCLUDE_SOURCE;
				MTL_FAST_MATH = YES;
				ONLY_ACTIVE_ARCH = YES;
				SDKROOT = iphoneos;
				SWIFT_ACTIVE_COMPILATION_CONDITIONS = DEBUG;
				SWIFT_OPTIMIZATION_LEVEL = "-Onone";
			};
			name = Debug;
		};
		470648AC256D27FA00B39292 /* Release */ = {
			isa = XCBuildConfiguration;
			buildSettings = {
				ALWAYS_SEARCH_USER_PATHS = NO;
				CLANG_ANALYZER_NONNULL = YES;
				CLANG_ANALYZER_NUMBER_OBJECT_CONVERSION = YES_AGGRESSIVE;
				CLANG_CXX_LANGUAGE_STANDARD = "gnu++14";
				CLANG_CXX_LIBRARY = "libc++";
				CLANG_ENABLE_MODULES = YES;
				CLANG_ENABLE_OBJC_ARC = YES;
				CLANG_ENABLE_OBJC_WEAK = YES;
				CLANG_WARN_BLOCK_CAPTURE_AUTORELEASING = YES;
				CLANG_WARN_BOOL_CONVERSION = YES;
				CLANG_WARN_COMMA = YES;
				CLANG_WARN_CONSTANT_CONVERSION = YES;
				CLANG_WARN_DEPRECATED_OBJC_IMPLEMENTATIONS = YES;
				CLANG_WARN_DIRECT_OBJC_ISA_USAGE = YES_ERROR;
				CLANG_WARN_DOCUMENTATION_COMMENTS = YES;
				CLANG_WARN_EMPTY_BODY = YES;
				CLANG_WARN_ENUM_CONVERSION = YES;
				CLANG_WARN_INFINITE_RECURSION = YES;
				CLANG_WARN_INT_CONVERSION = YES;
				CLANG_WARN_NON_LITERAL_NULL_CONVERSION = YES;
				CLANG_WARN_OBJC_IMPLICIT_RETAIN_SELF = YES;
				CLANG_WARN_OBJC_LITERAL_CONVERSION = YES;
				CLANG_WARN_OBJC_ROOT_CLASS = YES_ERROR;
				CLANG_WARN_RANGE_LOOP_ANALYSIS = YES;
				CLANG_WARN_STRICT_PROTOTYPES = YES;
				CLANG_WARN_SUSPICIOUS_MOVE = YES;
				CLANG_WARN_UNGUARDED_AVAILABILITY = YES_AGGRESSIVE;
				CLANG_WARN_UNREACHABLE_CODE = YES;
				CLANG_WARN__DUPLICATE_METHOD_MATCH = YES;
				COPY_PHASE_STRIP = NO;
				DEBUG_INFORMATION_FORMAT = "dwarf-with-dsym";
				ENABLE_NS_ASSERTIONS = NO;
				ENABLE_STRICT_OBJC_MSGSEND = YES;
				GCC_C_LANGUAGE_STANDARD = gnu11;
				GCC_NO_COMMON_BLOCKS = YES;
				GCC_WARN_64_TO_32_BIT_CONVERSION = YES;
				GCC_WARN_ABOUT_RETURN_TYPE = YES_ERROR;
				GCC_WARN_UNDECLARED_SELECTOR = YES;
				GCC_WARN_UNINITIALIZED_AUTOS = YES_AGGRESSIVE;
				GCC_WARN_UNUSED_FUNCTION = YES;
				GCC_WARN_UNUSED_VARIABLE = YES;
				IPHONEOS_DEPLOYMENT_TARGET = 13.2;
				MTL_ENABLE_DEBUG_INFO = NO;
				MTL_FAST_MATH = YES;
				SDKROOT = iphoneos;
				SWIFT_COMPILATION_MODE = wholemodule;
				SWIFT_OPTIMIZATION_LEVEL = "-O";
				VALIDATE_PRODUCT = YES;
			};
			name = Release;
		};
		470648AE256D27FA00B39292 /* Debug */ = {
			isa = XCBuildConfiguration;
			buildSettings = {
				ASSETCATALOG_COMPILER_APPICON_NAME = AppIcon;
				CODE_SIGN_STYLE = Automatic;
				DEVELOPMENT_TEAM = L843Z8GWZV;
				INFOPLIST_FILE = AppleSearchAPIDemo/Info.plist;
				LD_RUNPATH_SEARCH_PATHS = (
					"$(inherited)",
					"@executable_path/Frameworks",
				);
				PRODUCT_BUNDLE_IDENTIFIER = com.learning.AppleSearchAPIDemo;
				PRODUCT_NAME = "$(TARGET_NAME)";
				SWIFT_VERSION = 5.0;
				TARGETED_DEVICE_FAMILY = "1,2";
			};
			name = Debug;
		};
		470648AF256D27FA00B39292 /* Release */ = {
			isa = XCBuildConfiguration;
			buildSettings = {
				ASSETCATALOG_COMPILER_APPICON_NAME = AppIcon;
				CODE_SIGN_IDENTITY = "iPhone Distribution";
				CODE_SIGN_STYLE = Manual;
				DEVELOPMENT_TEAM = 8N964P293V;
				INFOPLIST_FILE = AppleSearchAPIDemo/Info.plist;
				LD_RUNPATH_SEARCH_PATHS = (
					"$(inherited)",
					"@executable_path/Frameworks",
				);
				PRODUCT_BUNDLE_IDENTIFIER = com.vashisht.esports;
				PRODUCT_NAME = "$(TARGET_NAME)";
				PROVISIONING_PROFILE_SPECIFIER = EsportsAppstore;
				SWIFT_VERSION = 5.0;
				TARGETED_DEVICE_FAMILY = "1,2";
			};
			name = Release;
		};
		470648B1256D27FA00B39292 /* Debug */ = {
			isa = XCBuildConfiguration;
			buildSettings = {
				ALWAYS_EMBED_SWIFT_STANDARD_LIBRARIES = YES;
				BUNDLE_LOADER = "$(TEST_HOST)";
				CODE_SIGN_STYLE = Automatic;
				DEVELOPMENT_TEAM = L843Z8GWZV;
				INFOPLIST_FILE = AppleSearchAPIDemoTests/Info.plist;
				IPHONEOS_DEPLOYMENT_TARGET = 13.2;
				LD_RUNPATH_SEARCH_PATHS = (
					"$(inherited)",
					"@executable_path/Frameworks",
					"@loader_path/Frameworks",
				);
				PRODUCT_BUNDLE_IDENTIFIER = com.vashisht.esportsTests;
				PRODUCT_NAME = "$(TARGET_NAME)";
				SWIFT_VERSION = 5.0;
				TARGETED_DEVICE_FAMILY = "1,2";
				TEST_HOST = "$(BUILT_PRODUCTS_DIR)/AppleSearchAPIDemo.app/AppleSearchAPIDemo";
			};
			name = Debug;
		};
		470648B2256D27FA00B39292 /* Release */ = {
			isa = XCBuildConfiguration;
			buildSettings = {
				ALWAYS_EMBED_SWIFT_STANDARD_LIBRARIES = YES;
				BUNDLE_LOADER = "$(TEST_HOST)";
				CODE_SIGN_IDENTITY = "Apple Distribution";
				CODE_SIGN_STYLE = Manual;
				DEVELOPMENT_TEAM = "";
				INFOPLIST_FILE = AppleSearchAPIDemoTests/Info.plist;
				IPHONEOS_DEPLOYMENT_TARGET = 13.2;
				LD_RUNPATH_SEARCH_PATHS = (
					"$(inherited)",
					"@executable_path/Frameworks",
					"@loader_path/Frameworks",
				);
				PRODUCT_BUNDLE_IDENTIFIER = com.vashisht.esportsTests;
				PRODUCT_NAME = "$(TARGET_NAME)";
				PROVISIONING_PROFILE_SPECIFIER = "";
				"PROVISIONING_PROFILE_SPECIFIER[sdk=macosx*]" = "";
				SWIFT_VERSION = 5.0;
				TARGETED_DEVICE_FAMILY = "1,2";
				TEST_HOST = "$(BUILT_PRODUCTS_DIR)/AppleSearchAPIDemo.app/AppleSearchAPIDemo";
			};
			name = Release;
		};
/* End XCBuildConfiguration section */

/* Begin XCConfigurationList section */
		47064889256D27F800B39292 /* Build configuration list for PBXProject "AppleSearchAPIDemo" */ = {
			isa = XCConfigurationList;
			buildConfigurations = (
				470648AB256D27FA00B39292 /* Debug */,
				470648AC256D27FA00B39292 /* Release */,
			);
			defaultConfigurationIsVisible = 0;
			defaultConfigurationName = Release;
		};
		470648AD256D27FA00B39292 /* Build configuration list for PBXNativeTarget "AppleSearchAPIDemo" */ = {
			isa = XCConfigurationList;
			buildConfigurations = (
				470648AE256D27FA00B39292 /* Debug */,
				470648AF256D27FA00B39292 /* Release */,
			);
			defaultConfigurationIsVisible = 0;
			defaultConfigurationName = Release;
		};
		470648B0256D27FA00B39292 /* Build configuration list for PBXNativeTarget "AppleSearchAPIDemoTests" */ = {
			isa = XCConfigurationList;
			buildConfigurations = (
				470648B1256D27FA00B39292 /* Debug */,
				470648B2256D27FA00B39292 /* Release */,
			);
			defaultConfigurationIsVisible = 0;
			defaultConfigurationName = Release;
		};
/* End XCConfigurationList section */
	};
	rootObject = 47064886256D27F800B39292 /* Project object */;
}
